
Microsoft Visual Studio Solution File, Format Version 12.00
# Visual Studio 2012
Project("{8BC9CEB8-8B4A-11D0-8D11-00A0C91BC942}") = "base64encode", "base64encode\base64encode.vcxproj", "{E8F5A787-13DF-4995-8EFE-2F982AD67869}"
EndProject
Global
	GlobalSection(SolutionConfigurationPlatforms) = preSolution
		Debug|Win32 = Debug|Win32
		Release|Win32 = Release|Win32
	EndGlobalSection
	GlobalSection(ProjectConfigurationPlatforms) = postSolution
		{E8F5A787-13DF-4995-8EFE-2F982AD67869}.Debug|Win32.ActiveCfg = Debug|Win32
		{E8F5A787-13DF-4995-8EFE-2F982AD67869}.Debug|Win32.Build.0 = Debug|Win32
		{E8F5A787-13DF-4995-8EFE-2F982AD67869}.Release|Win32.ActiveCfg = Release|Win32
		{E8F5A787-13DF-4995-8EFE-2F982AD67869}.Release|Win32.Build.0 = Release|Win32
	EndGlobalSection
	GlobalSection(SolutionProperties) = preSolution
		HideSolutionNode = FALSE
	EndGlobalSection
EndGlobal
